// !$*UTF8*$!
{
	archiveVersion = 1;
	classes = {
	};
	objectVersion = 50;
	objects = {

/* Begin PBXBuildFile section */
		0D326F8E254F35B300BB0794 /* AppDelegate.swift in Sources */ = {isa = PBXBuildFile; fileRef = 0D326F8D254F35B300BB0794 /* AppDelegate.swift */; };
		0D326F90254F35B300BB0794 /* SceneDelegate.swift in Sources */ = {isa = PBXBuildFile; fileRef = 0D326F8F254F35B300BB0794 /* SceneDelegate.swift */; };
		0D326F92254F35B300BB0794 /* ContentView.swift in Sources */ = {isa = PBXBuildFile; fileRef = 0D326F91254F35B300BB0794 /* ContentView.swift */; };
		0D326F94254F35B700BB0794 /* Assets.xcassets in Resources */ = {isa = PBXBuildFile; fileRef = 0D326F93254F35B700BB0794 /* Assets.xcassets */; };
		0D326F97254F35B700BB0794 /* Preview Assets.xcassets in Resources */ = {isa = PBXBuildFile; fileRef = 0D326F96254F35B700BB0794 /* Preview Assets.xcassets */; };
		0D326F9A254F35B700BB0794 /* LaunchScreen.storyboard in Resources */ = {isa = PBXBuildFile; fileRef = 0D326F98254F35B700BB0794 /* LaunchScreen.storyboard */; };
		0D326FA6254F68B500BB0794 /* UserStorageProvider.swift in Sources */ = {isa = PBXBuildFile; fileRef = 0D326FA5254F68B400BB0794 /* UserStorageProvider.swift */; };
		0D326FAD254F7A8400BB0794 /* LoggerExtensions.swift in Sources */ = {isa = PBXBuildFile; fileRef = 0D326FAC254F7A8400BB0794 /* LoggerExtensions.swift */; };
		0D917E6A255151A400AF6695 /* AppDefaultConfiguration.swift in Sources */ = {isa = PBXBuildFile; fileRef = 0D917E69255151A400AF6695 /* AppDefaultConfiguration.swift */; };
/* End PBXBuildFile section */

/* Begin PBXFileReference section */
		0D12DB8B2559ABA300F9BF86 /* README.md */ = {isa = PBXFileReference; lastKnownFileType = net.daringfireball.markdown; path = README.md; sourceTree = "<group>"; };
		0D12DB8F2559D33900F9BF86 /* LICENSE.txt */ = {isa = PBXFileReference; lastKnownFileType = text; path = LICENSE.txt; sourceTree = "<group>"; };
		0D326F8A254F35B300BB0794 /* UserDataMonitor.app */ = {isa = PBXFileReference; explicitFileType = wrapper.application; includeInIndex = 0; path = UserDataMonitor.app; sourceTree = BUILT_PRODUCTS_DIR; };
		0D326F8D254F35B300BB0794 /* AppDelegate.swift */ = {isa = PBXFileReference; lastKnownFileType = sourcecode.swift; path = AppDelegate.swift; sourceTree = "<group>"; };
		0D326F8F254F35B300BB0794 /* SceneDelegate.swift */ = {isa = PBXFileReference; lastKnownFileType = sourcecode.swift; path = SceneDelegate.swift; sourceTree = "<group>"; };
		0D326F91254F35B300BB0794 /* ContentView.swift */ = {isa = PBXFileReference; lastKnownFileType = sourcecode.swift; path = ContentView.swift; sourceTree = "<group>"; };
		0D326F93254F35B700BB0794 /* Assets.xcassets */ = {isa = PBXFileReference; lastKnownFileType = folder.assetcatalog; path = Assets.xcassets; sourceTree = "<group>"; };
		0D326F96254F35B700BB0794 /* Preview Assets.xcassets */ = {isa = PBXFileReference; lastKnownFileType = folder.assetcatalog; path = "Preview Assets.xcassets"; sourceTree = "<group>"; };
		0D326F99254F35B700BB0794 /* Base */ = {isa = PBXFileReference; lastKnownFileType = file.storyboard; name = Base; path = Base.lproj/LaunchScreen.storyboard; sourceTree = "<group>"; };
		0D326F9B254F35B700BB0794 /* Info.plist */ = {isa = PBXFileReference; lastKnownFileType = text.plist.xml; path = Info.plist; sourceTree = "<group>"; };
		0D326FA5254F68B400BB0794 /* UserStorageProvider.swift */ = {isa = PBXFileReference; lastKnownFileType = sourcecode.swift; path = UserStorageProvider.swift; sourceTree = "<group>"; };
		0D326FAC254F7A8400BB0794 /* LoggerExtensions.swift */ = {isa = PBXFileReference; fileEncoding = 4; lastKnownFileType = sourcecode.swift; path = LoggerExtensions.swift; sourceTree = "<group>"; };
		0D917E682551514E00AF6695 /* UserDataMonitor.entitlements */ = {isa = PBXFileReference; lastKnownFileType = text.plist.entitlements; path = UserDataMonitor.entitlements; sourceTree = "<group>"; };
		0D917E69255151A400AF6695 /* AppDefaultConfiguration.swift */ = {isa = PBXFileReference; lastKnownFileType = sourcecode.swift; path = AppDefaultConfiguration.swift; sourceTree = "<group>"; };
		0DE220FE255AC06B00D1A9CD /* IMG_6695_klein.jpg */ = {isa = PBXFileReference; lastKnownFileType = image.jpeg; path = IMG_6695_klein.jpg; sourceTree = "<group>"; };
/* End PBXFileReference section */

/* Begin PBXFrameworksBuildPhase section */
		0D326F87254F35B300BB0794 /* Frameworks */ = {
			isa = PBXFrameworksBuildPhase;
			buildActionMask = 2147483647;
			files = (
			);
			runOnlyForDeploymentPostprocessing = 0;
		};
/* End PBXFrameworksBuildPhase section */

/* Begin PBXGroup section */
		0D12DB8D2559D16800F9BF86 /* Supporting Files */ = {
			isa = PBXGroup;
			children = (
				0D326F8D254F35B300BB0794 /* AppDelegate.swift */,
				0D326F93254F35B700BB0794 /* Assets.xcassets */,
				0D326F98254F35B700BB0794 /* LaunchScreen.storyboard */,
			);
			path = "Supporting Files";
			sourceTree = "<group>";
		};
		0D326F81254F35B200BB0794 = {
			isa = PBXGroup;
			children = (
				0DE220FD255ABE2500D1A9CD /* screenshotsklein */,
				0D12DB8F2559D33900F9BF86 /* LICENSE.txt */,
				0D12DB8B2559ABA300F9BF86 /* README.md */,
				0D326F8C254F35B300BB0794 /* UserDataMonitor */,
				0D326F8B254F35B300BB0794 /* Products */,
			);
			sourceTree = "<group>";
		};
		0D326F8B254F35B300BB0794 /* Products */ = {
			isa = PBXGroup;
			children = (
				0D326F8A254F35B300BB0794 /* UserDataMonitor.app */,
			);
			name = Products;
			sourceTree = "<group>";
		};
		0D326F8C254F35B300BB0794 /* UserDataMonitor */ = {
			isa = PBXGroup;
			children = (
				0D326F8F254F35B300BB0794 /* SceneDelegate.swift */,
				0D917E69255151A400AF6695 /* AppDefaultConfiguration.swift */,
				0D326F91254F35B300BB0794 /* ContentView.swift */,
				0D326FA5254F68B400BB0794 /* UserStorageProvider.swift */,
				0D326FAC254F7A8400BB0794 /* LoggerExtensions.swift */,
				0D12DB8D2559D16800F9BF86 /* Supporting Files */,
				0D917E682551514E00AF6695 /* UserDataMonitor.entitlements */,
				0D326F9B254F35B700BB0794 /* Info.plist */,
				0D326F95254F35B700BB0794 /* Preview Content */,
			);
			path = UserDataMonitor;
			sourceTree = "<group>";
		};
		0D326F95254F35B700BB0794 /* Preview Content */ = {
			isa = PBXGroup;
			children = (
				0D326F96254F35B700BB0794 /* Preview Assets.xcassets */,
			);
			path = "Preview Content";
			sourceTree = "<group>";
		};
		0DE220FD255ABE2500D1A9CD /* screenshotsklein */ = {
			isa = PBXGroup;
			children = (
				0DE220FE255AC06B00D1A9CD /* IMG_6695_klein.jpg */,
			);
			path = screenshotsklein;
			sourceTree = "<group>";
		};
/* End PBXGroup section */

/* Begin PBXNativeTarget section */
		0D326F89254F35B300BB0794 /* UserDataMonitor */ = {
			isa = PBXNativeTarget;
			buildConfigurationList = 0D326F9E254F35B700BB0794 /* Build configuration list for PBXNativeTarget "UserDataMonitor" */;
			buildPhases = (
				0D326F86254F35B300BB0794 /* Sources */,
				0D326F87254F35B300BB0794 /* Frameworks */,
				0D326F88254F35B300BB0794 /* Resources */,
			);
			buildRules = (
			);
			dependencies = (
			);
			name = UserDataMonitor;
			productName = ASecondBackgroundTest;
			productReference = 0D326F8A254F35B300BB0794 /* UserDataMonitor.app */;
			productType = "com.apple.product-type.application";
		};
/* End PBXNativeTarget section */

/* Begin PBXProject section */
		0D326F82254F35B200BB0794 /* Project object */ = {
			isa = PBXProject;
			attributes = {
				LastSwiftUpdateCheck = 1200;
				LastUpgradeCheck = 1200;
				TargetAttributes = {
					0D326F89254F35B300BB0794 = {
						CreatedOnToolsVersion = 12.0;
					};
				};
			};
			buildConfigurationList = 0D326F85254F35B200BB0794 /* Build configuration list for PBXProject "UserDataMonitor" */;
			compatibilityVersion = "Xcode 9.3";
			developmentRegion = en;
			hasScannedForEncodings = 0;
			knownRegions = (
				en,
				Base,
			);
			mainGroup = 0D326F81254F35B200BB0794;
			productRefGroup = 0D326F8B254F35B300BB0794 /* Products */;
			projectDirPath = "";
			projectRoot = "";
			targets = (
				0D326F89254F35B300BB0794 /* UserDataMonitor */,
			);
		};
/* End PBXProject section */

/* Begin PBXResourcesBuildPhase section */
		0D326F88254F35B300BB0794 /* Resources */ = {
			isa = PBXResourcesBuildPhase;
			buildActionMask = 2147483647;
			files = (
				0D326F9A254F35B700BB0794 /* LaunchScreen.storyboard in Resources */,
				0D326F97254F35B700BB0794 /* Preview Assets.xcassets in Resources */,
				0D326F94254F35B700BB0794 /* Assets.xcassets in Resources */,
			);
			runOnlyForDeploymentPostprocessing = 0;
		};
/* End PBXResourcesBuildPhase section */

/* Begin PBXSourcesBuildPhase section */
		0D326F86254F35B300BB0794 /* Sources */ = {
			isa = PBXSourcesBuildPhase;
			buildActionMask = 2147483647;
			files = (
				0D326F8E254F35B300BB0794 /* AppDelegate.swift in Sources */,
				0D326F90254F35B300BB0794 /* SceneDelegate.swift in Sources */,
				0D326F92254F35B300BB0794 /* ContentView.swift in Sources */,
				0D326FA6254F68B500BB0794 /* UserStorageProvider.swift in Sources */,
				0D917E6A255151A400AF6695 /* AppDefaultConfiguration.swift in Sources */,
				0D326FAD254F7A8400BB0794 /* LoggerExtensions.swift in Sources */,
			);
			runOnlyForDeploymentPostprocessing = 0;
		};
/* End PBXSourcesBuildPhase section */

/* Begin PBXVariantGroup section */
		0D326F98254F35B700BB0794 /* LaunchScreen.storyboard */ = {
			isa = PBXVariantGroup;
			children = (
				0D326F99254F35B700BB0794 /* Base */,
			);
			name = LaunchScreen.storyboard;
			sourceTree = "<group>";
		};
/* End PBXVariantGroup section */

/* Begin XCBuildConfiguration section */
		0D326F9C254F35B700BB0794 /* Debug */ = {
			isa = XCBuildConfiguration;
			buildSettings = {
				ALWAYS_SEARCH_USER_PATHS = NO;
				CLANG_ANALYZER_NONNULL = YES;
				CLANG_ANALYZER_NUMBER_OBJECT_CONVERSION = YES_AGGRESSIVE;
				CLANG_CXX_LANGUAGE_STANDARD = "gnu++14";
				CLANG_CXX_LIBRARY = "libc++";
				CLANG_ENABLE_MODULES = YES;
				CLANG_ENABLE_OBJC_ARC = YES;
				CLANG_ENABLE_OBJC_WEAK = YES;
				CLANG_WARN_BLOCK_CAPTURE_AUTORELEASING = YES;
				CLANG_WARN_BOOL_CONVERSION = YES;
				CLANG_WARN_COMMA = YES;
				CLANG_WARN_CONSTANT_CONVERSION = YES;
				CLANG_WARN_DEPRECATED_OBJC_IMPLEMENTATIONS = YES;
				CLANG_WARN_DIRECT_OBJC_ISA_USAGE = YES_ERROR;
				CLANG_WARN_DOCUMENTATION_COMMENTS = YES;
				CLANG_WARN_EMPTY_BODY = YES;
				CLANG_WARN_ENUM_CONVERSION = YES;
				CLANG_WARN_INFINITE_RECURSION = YES;
				CLANG_WARN_INT_CONVERSION = YES;
				CLANG_WARN_NON_LITERAL_NULL_CONVERSION = YES;
				CLANG_WARN_OBJC_IMPLICIT_RETAIN_SELF = YES;
				CLANG_WARN_OBJC_LITERAL_CONVERSION = YES;
				CLANG_WARN_OBJC_ROOT_CLASS = YES_ERROR;
				CLANG_WARN_QUOTED_INCLUDE_IN_FRAMEWORK_HEADER = YES;
				CLANG_WARN_RANGE_LOOP_ANALYSIS = YES;
				CLANG_WARN_STRICT_PROTOTYPES = YES;
				CLANG_WARN_SUSPICIOUS_MOVE = YES;
				CLANG_WARN_UNGUARDED_AVAILABILITY = YES_AGGRESSIVE;
				CLANG_WARN_UNREACHABLE_CODE = YES;
				CLANG_WARN__DUPLICATE_METHOD_MATCH = YES;
				COPY_PHASE_STRIP = NO;
				DEBUG_INFORMATION_FORMAT = dwarf;
				ENABLE_STRICT_OBJC_MSGSEND = YES;
				ENABLE_TESTABILITY = YES;
				GCC_C_LANGUAGE_STANDARD = gnu11;
				GCC_DYNAMIC_NO_PIC = NO;
				GCC_NO_COMMON_BLOCKS = YES;
				GCC_OPTIMIZATION_LEVEL = 0;
				GCC_PREPROCESSOR_DEFINITIONS = (
					"DEBUG=1",
					"$(inherited)",
				);
				GCC_WARN_64_TO_32_BIT_CONVERSION = YES;
				GCC_WARN_ABOUT_RETURN_TYPE = YES_ERROR;
				GCC_WARN_UNDECLARED_SELECTOR = YES;
				GCC_WARN_UNINITIALIZED_AUTOS = YES_AGGRESSIVE;
				GCC_WARN_UNUSED_FUNCTION = YES;
				GCC_WARN_UNUSED_VARIABLE = YES;
				IPHONEOS_DEPLOYMENT_TARGET = 14.0;
				MTL_ENABLE_DEBUG_INFO = INCLUDE_SOURCE;
				MTL_FAST_MATH = YES;
				ONLY_ACTIVE_ARCH = YES;
				SDKROOT = iphoneos;
				SWIFT_ACTIVE_COMPILATION_CONDITIONS = DEBUG;
				SWIFT_OPTIMIZATION_LEVEL = "-Onone";
			};
			name = Debug;
		};
		0D326F9D254F35B700BB0794 /* Release */ = {
			isa = XCBuildConfiguration;
			buildSettings = {
				ALWAYS_SEARCH_USER_PATHS = NO;
				CLANG_ANALYZER_NONNULL = YES;
				CLANG_ANALYZER_NUMBER_OBJECT_CONVERSION = YES_AGGRESSIVE;
				CLANG_CXX_LANGUAGE_STANDARD = "gnu++14";
				CLANG_CXX_LIBRARY = "libc++";
				CLANG_ENABLE_MODULES = YES;
				CLANG_ENABLE_OBJC_ARC = YES;
				CLANG_ENABLE_OBJC_WEAK = YES;
				CLANG_WARN_BLOCK_CAPTURE_AUTORELEASING = YES;
				CLANG_WARN_BOOL_CONVERSION = YES;
				CLANG_WARN_COMMA = YES;
				CLANG_WARN_CONSTANT_CONVERSION = YES;
				CLANG_WARN_DEPRECATED_OBJC_IMPLEMENTATIONS = YES;
				CLANG_WARN_DIRECT_OBJC_ISA_USAGE = YES_ERROR;
				CLANG_WARN_DOCUMENTATION_COMMENTS = YES;
				CLANG_WARN_EMPTY_BODY = YES;
				CLANG_WARN_ENUM_CONVERSION = YES;
				CLANG_WARN_INFINITE_RECURSION = YES;
				CLANG_WARN_INT_CONVERSION = YES;
				CLANG_WARN_NON_LITERAL_NULL_CONVERSION = YES;
				CLANG_WARN_OBJC_IMPLICIT_RETAIN_SELF = YES;
				CLANG_WARN_OBJC_LITERAL_CONVERSION = YES;
				CLANG_WARN_OBJC_ROOT_CLASS = YES_ERROR;
				CLANG_WARN_QUOTED_INCLUDE_IN_FRAMEWORK_HEADER = YES;
				CLANG_WARN_RANGE_LOOP_ANALYSIS = YES;
				CLANG_WARN_STRICT_PROTOTYPES = YES;
				CLANG_WARN_SUSPICIOUS_MOVE = YES;
				CLANG_WARN_UNGUARDED_AVAILABILITY = YES_AGGRESSIVE;
				CLANG_WARN_UNREACHABLE_CODE = YES;
				CLANG_WARN__DUPLICATE_METHOD_MATCH = YES;
				COPY_PHASE_STRIP = NO;
				DEBUG_INFORMATION_FORMAT = "dwarf-with-dsym";
				ENABLE_NS_ASSERTIONS = NO;
				ENABLE_STRICT_OBJC_MSGSEND = YES;
				GCC_C_LANGUAGE_STANDARD = gnu11;
				GCC_NO_COMMON_BLOCKS = YES;
				GCC_WARN_64_TO_32_BIT_CONVERSION = YES;
				GCC_WARN_ABOUT_RETURN_TYPE = YES_ERROR;
				GCC_WARN_UNDECLARED_SELECTOR = YES;
				GCC_WARN_UNINITIALIZED_AUTOS = YES_AGGRESSIVE;
				GCC_WARN_UNUSED_FUNCTION = YES;
				GCC_WARN_UNUSED_VARIABLE = YES;
				IPHONEOS_DEPLOYMENT_TARGET = 14.0;
				MTL_ENABLE_DEBUG_INFO = NO;
				MTL_FAST_MATH = YES;
				SDKROOT = iphoneos;
				SWIFT_COMPILATION_MODE = wholemodule;
				SWIFT_OPTIMIZATION_LEVEL = "-O";
				VALIDATE_PRODUCT = YES;
			};
			name = Release;
		};
		0D326F9F254F35B700BB0794 /* Debug */ = {
			isa = XCBuildConfiguration;
			buildSettings = {
				ASSETCATALOG_COMPILER_APPICON_NAME = AppIcon;
				ASSETCATALOG_COMPILER_GLOBAL_ACCENT_COLOR_NAME = AccentColor;
				CODE_SIGN_ENTITLEMENTS = UserDataMonitor/UserDataMonitor.entitlements;
				CODE_SIGN_STYLE = Automatic;
				DEVELOPMENT_ASSET_PATHS = "\"UserDataMonitor/Preview Content\"";
				DEVELOPMENT_TEAM = "";
				ENABLE_PREVIEWS = YES;
				INFOPLIST_FILE = UserDataMonitor/Info.plist;
				LD_RUNPATH_SEARCH_PATHS = (
					"$(inherited)",
					"@executable_path/Frameworks",
				);
				PRODUCT_BUNDLE_IDENTIFIER = com.YourName.UserDataMonitor;
				PRODUCT_NAME = "$(TARGET_NAME)";
				SWIFT_VERSION = 5.0;
				TARGETED_DEVICE_FAMILY = "1,2";
			};
			name = Debug;
		};
		0D326FA0254F35B700BB0794 /* Release */ = {
			isa = XCBuildConfiguration;
			buildSettings = {
				ASSETCATALOG_COMPILER_APPICON_NAME = AppIcon;
				ASSETCATALOG_COMPILER_GLOBAL_ACCENT_COLOR_NAME = AccentColor;
				CODE_SIGN_ENTITLEMENTS = UserDataMonitor/UserDataMonitor.entitlements;
				CODE_SIGN_STYLE = Automatic;
				DEVELOPMENT_ASSET_PATHS = "\"UserDataMonitor/Preview Content\"";
				DEVELOPMENT_TEAM = "";
				ENABLE_PREVIEWS = YES;
				INFOPLIST_FILE = UserDataMonitor/Info.plist;
				LD_RUNPATH_SEARCH_PATHS = (
					"$(inherited)",
					"@executable_path/Frameworks",
				);
				PRODUCT_BUNDLE_IDENTIFIER = com.YourName.UserDataMonitor;
				PRODUCT_NAME = "$(TARGET_NAME)";
				SWIFT_VERSION = 5.0;
				TARGETED_DEVICE_FAMILY = "1,2";
			};
			name = Release;
		};
/* End XCBuildConfiguration section */

/* Begin XCConfigurationList section */
		0D326F85254F35B200BB0794 /* Build configuration list for PBXProject "UserDataMonitor" */ = {
			isa = XCConfigurationList;
			buildConfigurations = (
				0D326F9C254F35B700BB0794 /* Debug */,
				0D326F9D254F35B700BB0794 /* Release */,
			);
			defaultConfigurationIsVisible = 0;
			defaultConfigurationName = Release;
		};
		0D326F9E254F35B700BB0794 /* Build configuration list for PBXNativeTarget "UserDataMonitor" */ = {
			isa = XCConfigurationList;
			buildConfigurations = (
				0D326F9F254F35B700BB0794 /* Debug */,
				0D326FA0254F35B700BB0794 /* Release */,
			);
			defaultConfigurationIsVisible = 0;
			defaultConfigurationName = Release;
		};
/* End XCConfigurationList section */
	};
	rootObject = 0D326F82254F35B200BB0794 /* Project object */;
}
